
Microsoft Visual Studio Solution File, Format Version 12.00
# Visual Studio Version 17
VisualStudioVersion = 17.7.34003.232
MinimumVisualStudioVersion = 10.0.40219.1
Project("{FAE04EC0-301F-11D3-BF4B-00C04F79EFBC}") = "Sistema de Gestion", "Sistema de Gestion\Sistema de Gestion.csproj", "{E8481D6F-DD30-4E30-9EB2-4D658CE756ED}"
EndProject
Project("{FAE04EC0-301F-11D3-BF4B-00C04F79EFBC}") = "CapaDatos", "CapaDatos\CapaDatos.csproj", "{E4A567E8-F6D7-40A0-A3B2-BA99034AF703}"
EndProject
Project("{FAE04EC0-301F-11D3-BF4B-00C04F79EFBC}") = "CapaNegocio", "CapaNegocio\CapaNegocio.csproj", "{1B7C7146-B057-4EE3-BE1A-B9A666EB5C98}"
EndProject
Project("{FAE04EC0-301F-11D3-BF4B-00C04F79EFBC}") = "CapaEntidades", "CapaEntidades\CapaEntidades.csproj", "{500B375A-37A8-4D2C-81C1-FB96AE96DC79}"
EndProject
Project("{9A19103F-16F7-4668-BE54-9A1E7A4F7556}") = "AppUsuariosWebAPI", "AppUsuariosWebAPI\AppUsuariosWebAPI.csproj", "{CBED0E64-272A-45A1-9AB6-30039ADDFD54}"
EndProject
Project("{9A19103F-16F7-4668-BE54-9A1E7A4F7556}") = "AppProductosWebAPI", "AppProductosWebAPI\AppProductosWebAPI.csproj", "{724BE5E8-EB83-4D52-84C6-7CC60F4C7959}"
EndProject
Project("{9A19103F-16F7-4668-BE54-9A1E7A4F7556}") = "AppVentas_ProdVendidosWebAPI", "AppVentas_ProdVendidosWebAPI\AppVentas_ProdVendidosWebAPI.csproj", "{3F5A9EA3-D855-44D8-A94E-EA88B318152A}"
EndProject
Project("{FAE04EC0-301F-11D3-BF4B-00C04F79EFBC}") = "AppInicioSesionWebAPI", "AppInicioSesionWebAPI\AppInicioSesionWebAPI.csproj", "{67B66BC0-FCAE-4464-ADD0-D2E344173075}"
EndProject
Global
	GlobalSection(SolutionConfigurationPlatforms) = preSolution
		Debug|Any CPU = Debug|Any CPU
		Release|Any CPU = Release|Any CPU
	EndGlobalSection
	GlobalSection(ProjectConfigurationPlatforms) = postSolution
		{E8481D6F-DD30-4E30-9EB2-4D658CE756ED}.Debug|Any CPU.ActiveCfg = Debug|Any CPU
		{E8481D6F-DD30-4E30-9EB2-4D658CE756ED}.Debug|Any CPU.Build.0 = Debug|Any CPU
		{E8481D6F-DD30-4E30-9EB2-4D658CE756ED}.Release|Any CPU.ActiveCfg = Release|Any CPU
		{E8481D6F-DD30-4E30-9EB2-4D658CE756ED}.Release|Any CPU.Build.0 = Release|Any CPU
		{E4A567E8-F6D7-40A0-A3B2-BA99034AF703}.Debug|Any CPU.ActiveCfg = Debug|Any CPU
		{E4A567E8-F6D7-40A0-A3B2-BA99034AF703}.Debug|Any CPU.Build.0 = Debug|Any CPU
		{E4A567E8-F6D7-40A0-A3B2-BA99034AF703}.Release|Any CPU.ActiveCfg = Release|Any CPU
		{E4A567E8-F6D7-40A0-A3B2-BA99034AF703}.Release|Any CPU.Build.0 = Release|Any CPU
		{1B7C7146-B057-4EE3-BE1A-B9A666EB5C98}.Debug|Any CPU.ActiveCfg = Debug|Any CPU
		{1B7C7146-B057-4EE3-BE1A-B9A666EB5C98}.Debug|Any CPU.Build.0 = Debug|Any CPU
		{1B7C7146-B057-4EE3-BE1A-B9A666EB5C98}.Release|Any CPU.ActiveCfg = Release|Any CPU
		{1B7C7146-B057-4EE3-BE1A-B9A666EB5C98}.Release|Any CPU.Build.0 = Release|Any CPU
		{500B375A-37A8-4D2C-81C1-FB96AE96DC79}.Debug|Any CPU.ActiveCfg = Debug|Any CPU
		{500B375A-37A8-4D2C-81C1-FB96AE96DC79}.Debug|Any CPU.Build.0 = Debug|Any CPU
		{500B375A-37A8-4D2C-81C1-FB96AE96DC79}.Release|Any CPU.ActiveCfg = Release|Any CPU
		{500B375A-37A8-4D2C-81C1-FB96AE96DC79}.Release|Any CPU.Build.0 = Release|Any CPU
		{CBED0E64-272A-45A1-9AB6-30039ADDFD54}.Debug|Any CPU.ActiveCfg = Debug|Any CPU
		{CBED0E64-272A-45A1-9AB6-30039ADDFD54}.Debug|Any CPU.Build.0 = Debug|Any CPU
		{CBED0E64-272A-45A1-9AB6-30039ADDFD54}.Release|Any CPU.ActiveCfg = Release|Any CPU
		{CBED0E64-272A-45A1-9AB6-30039ADDFD54}.Release|Any CPU.Build.0 = Release|Any CPU
		{724BE5E8-EB83-4D52-84C6-7CC60F4C7959}.Debug|Any CPU.ActiveCfg = Debug|Any CPU
		{724BE5E8-EB83-4D52-84C6-7CC60F4C7959}.Debug|Any CPU.Build.0 = Debug|Any CPU
		{724BE5E8-EB83-4D52-84C6-7CC60F4C7959}.Release|Any CPU.ActiveCfg = Release|Any CPU
		{724BE5E8-EB83-4D52-84C6-7CC60F4C7959}.Release|Any CPU.Build.0 = Release|Any CPU
		{3F5A9EA3-D855-44D8-A94E-EA88B318152A}.Debug|Any CPU.ActiveCfg = Debug|Any CPU
		{3F5A9EA3-D855-44D8-A94E-EA88B318152A}.Debug|Any CPU.Build.0 = Debug|Any CPU
		{3F5A9EA3-D855-44D8-A94E-EA88B318152A}.Release|Any CPU.ActiveCfg = Release|Any CPU
		{3F5A9EA3-D855-44D8-A94E-EA88B318152A}.Release|Any CPU.Build.0 = Release|Any CPU
		{67B66BC0-FCAE-4464-ADD0-D2E344173075}.Debug|Any CPU.ActiveCfg = Debug|Any CPU
		{67B66BC0-FCAE-4464-ADD0-D2E344173075}.Debug|Any CPU.Build.0 = Debug|Any CPU
		{67B66BC0-FCAE-4464-ADD0-D2E344173075}.Release|Any CPU.ActiveCfg = Release|Any CPU
		{67B66BC0-FCAE-4464-ADD0-D2E344173075}.Release|Any CPU.Build.0 = Release|Any CPU
	EndGlobalSection
	GlobalSection(SolutionProperties) = preSolution
		HideSolutionNode = FALSE
	EndGlobalSection
	GlobalSection(ExtensibilityGlobals) = postSolution
		SolutionGuid = {1C429FB9-EA02-4F9C-993E-907A4F6587B2}
	EndGlobalSection
EndGlobal
